
Microsoft Visual Studio Solution File, Format Version 12.00
# Visual Studio Version 17
VisualStudioVersion = 17.9.34607.119
MinimumVisualStudioVersion = 10.0.40219.1
Project("{FAE04EC0-301F-11D3-BF4B-00C04F79EFBC}") = "TareaAPiXD", "TareaAPiXD.csproj", "{855AB586-6E20-4DE2-B0D4-E3ED0CBD12EB}"
EndProject
Global
	GlobalSection(SolutionConfigurationPlatforms) = preSolution
		Debug|Any CPU = Debug|Any CPU
		Release|Any CPU = Release|Any CPU
	EndGlobalSection
	GlobalSection(ProjectConfigurationPlatforms) = postSolution
		{855AB586-6E20-4DE2-B0D4-E3ED0CBD12EB}.Debug|Any CPU.ActiveCfg = Debug|Any CPU
		{855AB586-6E20-4DE2-B0D4-E3ED0CBD12EB}.Debug|Any CPU.Build.0 = Debug|Any CPU
		{855AB586-6E20-4DE2-B0D4-E3ED0CBD12EB}.Release|Any CPU.ActiveCfg = Release|Any CPU
		{855AB586-6E20-4DE2-B0D4-E3ED0CBD12EB}.Release|Any CPU.Build.0 = Release|Any CPU
	EndGlobalSection
	GlobalSection(SolutionProperties) = preSolution
		HideSolutionNode = FALSE
	EndGlobalSection
	GlobalSection(ExtensibilityGlobals) = postSolution
		SolutionGuid = {EF5469DE-8042-436F-8F00-DDFFBC0E6FE8}
	EndGlobalSection
EndGlobal
